<?xml version="1.0" encoding="utf-8"?>
<Project ToolsVersion="4.0" xmlns="http://schemas.microsoft.com/developer/msbuild/2003">
  <ItemGroup>
    <Filter Include="Shader">
      <UniqueIdentifier>{93031e5c-57f8-4308-a1c5-713e27f1c71a}</UniqueIdentifier>
    </Filter>
    <Filter Include="Light">
      <UniqueIdentifier>{2d5b6815-13e0-481a-9148-e2d8e04bd109}</UniqueIdentifier>
    </Filter>
    <Filter Include="PreCompile">
      <UniqueIdentifier>{db430b2f-dbd3-4c23-93ef-443afdbc4eda}</UniqueIdentifier>
    </Filter>
    <Filter Include="Contents">
      <UniqueIdentifier>{558c9b29-abb9-4189-812c-1fe1441f9431}</UniqueIdentifier>
    </Filter>
    <Filter Include="Render">
      <UniqueIdentifier>{2b7e0fb1-24ee-49d5-a77c-f6d29b1f6d2c}</UniqueIdentifier>
    </Filter>
    <Filter Include="App">
      <UniqueIdentifier>{202d29dd-b6dd-4d9d-ad60-101d850d2925}</UniqueIdentifier>
    </Filter>
    <Filter Include="Utils">
      <UniqueIdentifier>{8692b25a-4d73-4203-ba34-3665e8e7b1b8}</UniqueIdentifier>
    </Filter>
    <Filter Include="Mesh">
      <UniqueIdentifier>{cd999352-c6b1-441d-aadf-1ae31a33718d}</UniqueIdentifier>
    </Filter>
  </ItemGroup>
  <ItemGroup>
    <Text Include="ReadMe.txt" />
  </ItemGroup>
  <ItemGroup>
    <ClInclude Include="Singleton.h">
      <Filter>Utils</Filter>
    </ClInclude>
    <ClInclude Include="MacroSet.h">
      <Filter>Utils</Filter>
    </ClInclude>
    <ClInclude Include="LightManager.h">
      <Filter>Light</Filter>
    </ClInclude>
    <ClInclude Include="DirectionalLight.h">
      <Filter>Light</Filter>
    </ClInclude>
    <ClInclude Include="stdafx.h">
      <Filter>PreCompile</Filter>
    </ClInclude>
    <ClInclude Include="App.h">
      <Filter>App</Filter>
    </ClInclude>
    <ClInclude Include="Logger.h">
      <Filter>Utils</Filter>
    </ClInclude>
    <ClInclude Include="DeferredShading.h">
      <Filter>App</Filter>
    </ClInclude>
    <ClInclude Include="ProcessManager.h">
      <Filter>App</Filter>
    </ClInclude>
    <ClInclude Include="targetver.h">
      <Filter>PreCompile</Filter>
    </ClInclude>
    <ClInclude Include="Camera.h">
      <Filter>Contents</Filter>
    </ClInclude>
    <ClInclude Include="Timer.h">
      <Filter>Contents</Filter>
    </ClInclude>
    <ClInclude Include="Renderer.h">
      <Filter>Render</Filter>
    </ClInclude>
    <ClInclude Include="PostProcessor.h">
      <Filter>Render</Filter>
    </ClInclude>
    <ClInclude Include="RenderTarget.h">
      <Filter>Render</Filter>
    </ClInclude>
    <ClInclude Include="RTManager.h">
      <Filter>Render</Filter>
    </ClInclude>
    <ClInclude Include="PointLight.h">
      <Filter>Light</Filter>
    </ClInclude>
    <ClInclude Include="RSManager.h">
      <Filter>Render</Filter>
    </ClInclude>
    <ClInclude Include="Contents.h">
      <Filter>Contents</Filter>
    </ClInclude>
    <ClInclude Include="InputDispatcher.h">
      <Filter>App</Filter>
    </ClInclude>
    <ClInclude Include="SamplerManager.h">
      <Filter>Contents</Filter>
    </ClInclude>
    <ClInclude Include="fxaa.h">
      <Filter>Shader</Filter>
    </ClInclude>
    <ClInclude Include="ssdo.h">
      <Filter>Shader</Filter>
    </ClInclude>
    <ClInclude Include="FBXLoader.h">
      <Filter>Mesh</Filter>
    </ClInclude>
    <ClInclude Include="Elin.h">
      <Filter>Mesh</Filter>
    </ClInclude>
    <ClInclude Include="Mesh.h">
      <Filter>Mesh</Filter>
    </ClInclude>
    <ClInclude Include="Room.h">
      <Filter>Mesh</Filter>
    </ClInclude>
    <ClInclude Include="Billboard.h">
      <Filter>Mesh</Filter>
    </ClInclude>
  </ItemGroup>
  <ItemGroup>
    <ClCompile Include="stdafx.cpp">
      <Filter>PreCompile</Filter>
    </ClCompile>
    <ClCompile Include="App.cpp">
      <Filter>App</Filter>
    </ClCompile>
    <ClCompile Include="LightManager.cpp">
      <Filter>Light</Filter>
    </ClCompile>
    <ClCompile Include="DirectionalLight.cpp">
      <Filter>Light</Filter>
    </ClCompile>
    <ClCompile Include="Logger.cpp">
      <Filter>Utils</Filter>
    </ClCompile>
    <ClCompile Include="DeferredShading.cpp">
      <Filter>App</Filter>
    </ClCompile>
    <ClCompile Include="ProcessManager.cpp">
      <Filter>App</Filter>
    </ClCompile>
    <ClCompile Include="Camera.cpp">
      <Filter>Contents</Filter>
    </ClCompile>
    <ClCompile Include="Timer.cpp">
      <Filter>Contents</Filter>
    </ClCompile>
    <ClCompile Include="Renderer.cpp">
      <Filter>Render</Filter>
    </ClCompile>
    <ClCompile Include="PostProcessor.cpp">
      <Filter>Render</Filter>
    </ClCompile>
    <ClCompile Include="RenderTarget.cpp">
      <Filter>Render</Filter>
    </ClCompile>
    <ClCompile Include="RTManager.cpp">
      <Filter>Render</Filter>
    </ClCompile>
    <ClCompile Include="PointLight.cpp">
      <Filter>Light</Filter>
    </ClCompile>
    <ClCompile Include="RSManager.cpp">
      <Filter>Render</Filter>
    </ClCompile>
    <ClCompile Include="Contents.cpp">
      <Filter>Contents</Filter>
    </ClCompile>
    <ClCompile Include="InputDispatcher.cpp">
      <Filter>App</Filter>
    </ClCompile>
    <ClCompile Include="SamplerManager.cpp">
      <Filter>Contents</Filter>
    </ClCompile>
    <ClCompile Include="FBXLoader.cpp">
      <Filter>Mesh</Filter>
    </ClCompile>
    <ClCompile Include="Elin.cpp">
      <Filter>Mesh</Filter>
    </ClCompile>
    <ClCompile Include="Mesh.cpp">
      <Filter>Mesh</Filter>
    </ClCompile>
    <ClCompile Include="Room.cpp">
      <Filter>Mesh</Filter>
    </ClCompile>
    <ClCompile Include="Billboard.cpp">
      <Filter>Mesh</Filter>
    </ClCompile>
  </ItemGroup>
  <ItemGroup>
    <FxCompile Include="PostProcess.hlsl">
      <Filter>Shader</Filter>
    </FxCompile>
    <FxCompile Include="Quad.hlsl">
      <Filter>Shader</Filter>
    </FxCompile>
    <FxCompile Include="ElinPixelShader.hlsl">
      <Filter>Shader</Filter>
    </FxCompile>
    <FxCompile Include="ElinVertexShader.hlsl">
      <Filter>Shader</Filter>
    </FxCompile>
    <FxCompile Include="OcclusionBlur.hlsl">
      <Filter>Shader</Filter>
    </FxCompile>
    <FxCompile Include="fxaa.hlsl">
      <Filter>Shader</Filter>
    </FxCompile>
    <FxCompile Include="BillBoardPixelShader.hlsl">
      <Filter>Shader</Filter>
    </FxCompile>
    <FxCompile Include="BillBoardVertexShader.hlsl">
      <Filter>Shader</Filter>
    </FxCompile>
  </ItemGroup>
</Project>